// !$*UTF8*$!
{
	archiveVersion = 1;
	classes = {
	};
	objectVersion = 46;
	objects = {

/* Begin PBXBuildFile section */
		430911EF1DFFB6C500FC0E35 /* RecommendGameView.swift in Sources */ = {isa = PBXBuildFile; fileRef = 430911EE1DFFB6C500FC0E35 /* RecommendGameView.swift */; };
		430911F11DFFB6F300FC0E35 /* RecommendGameView.xib in Resources */ = {isa = PBXBuildFile; fileRef = 430911F01DFFB6F300FC0E35 /* RecommendGameView.xib */; };
		430F8F6D1DFF788F00E8C28E /* CollectionCycleCell.swift in Sources */ = {isa = PBXBuildFile; fileRef = 430F8F6B1DFF788F00E8C28E /* CollectionCycleCell.swift */; };
		430F8F6E1DFF788F00E8C28E /* CollectionCycleCell.xib in Resources */ = {isa = PBXBuildFile; fileRef = 430F8F6C1DFF788F00E8C28E /* CollectionCycleCell.xib */; };
		431112261E0223BF0099C803 /* AmuseMenuView.swift in Sources */ = {isa = PBXBuildFile; fileRef = 431112251E0223BF0099C803 /* AmuseMenuView.swift */; };
		431112281E0224050099C803 /* AmuseMenuView.xib in Resources */ = {isa = PBXBuildFile; fileRef = 431112271E0224050099C803 /* AmuseMenuView.xib */; };
		432E145C1DF90DF000716277 /* PageContentView.swift in Sources */ = {isa = PBXBuildFile; fileRef = 432E145B1DF90DF000716277 /* PageContentView.swift */; };
		432E145E1DF911FC00716277 /* UIColor-Extension.swift in Sources */ = {isa = PBXBuildFile; fileRef = 432E145D1DF911FC00716277 /* UIColor-Extension.swift */; };
		4336FF8F1DF8DA020019D43B /* MainViewController.swift in Sources */ = {isa = PBXBuildFile; fileRef = 4336FF8C1DF8DA020019D43B /* MainViewController.swift */; };
		4336FF911DF8DB190019D43B /* HomeViewController.swift in Sources */ = {isa = PBXBuildFile; fileRef = 4336FF901DF8DB190019D43B /* HomeViewController.swift */; };
		4336FF941DF8E9A30019D43B /* UIBarButtonitem-Extension.swift in Sources */ = {isa = PBXBuildFile; fileRef = 4336FF931DF8E9A30019D43B /* UIBarButtonitem-Extension.swift */; };
		4336FF981DF8F8780019D43B /* Common.swift in Sources */ = {isa = PBXBuildFile; fileRef = 4336FF971DF8F8780019D43B /* Common.swift */; };
		434B24A11E00E47C000D1C28 /* AmuseViewController.swift in Sources */ = {isa = PBXBuildFile; fileRef = 434B24A01E00E47C000D1C28 /* AmuseViewController.swift */; };
		434B24A31E00E9E4000D1C28 /* AmuseViewModel.swift in Sources */ = {isa = PBXBuildFile; fileRef = 434B24A21E00E9E4000D1C28 /* AmuseViewModel.swift */; };
		4356C0C51DF7FE78009BDBA0 /* Home.storyboard in Resources */ = {isa = PBXBuildFile; fileRef = 4356C0C31DF7FE78009BDBA0 /* Home.storyboard */; };
		4356C0C81DF7FF2A009BDBA0 /* Live.storyboard in Resources */ = {isa = PBXBuildFile; fileRef = 4356C0C61DF7FF2A009BDBA0 /* Live.storyboard */; };
		4356C0CB1DF7FF77009BDBA0 /* Follow.storyboard in Resources */ = {isa = PBXBuildFile; fileRef = 4356C0C91DF7FF77009BDBA0 /* Follow.storyboard */; };
		4356C0CE1DF7FFB5009BDBA0 /* Profile.storyboard in Resources */ = {isa = PBXBuildFile; fileRef = 4356C0CC1DF7FFB5009BDBA0 /* Profile.storyboard */; };
		4373A2D11E02319C004853E8 /* AmuseMenuViewCell.swift in Sources */ = {isa = PBXBuildFile; fileRef = 4373A2CF1E02319C004853E8 /* AmuseMenuViewCell.swift */; };
		4373A2D21E02319C004853E8 /* AmuseMenuViewCell.xib in Resources */ = {isa = PBXBuildFile; fileRef = 4373A2D01E02319C004853E8 /* AmuseMenuViewCell.xib */; };
		4381FAED1DFFCE250006640E /* CollectionGameCell.swift in Sources */ = {isa = PBXBuildFile; fileRef = 4381FAEB1DFFCE250006640E /* CollectionGameCell.swift */; };
		4381FAEE1DFFCE250006640E /* CollectionGameCell.xib in Resources */ = {isa = PBXBuildFile; fileRef = 4381FAEC1DFFCE250006640E /* CollectionGameCell.xib */; };
		4381FAF01DFFE7270006640E /* GameViewController.swift in Sources */ = {isa = PBXBuildFile; fileRef = 4381FAEF1DFFE7270006640E /* GameViewController.swift */; };
		4396D83E1DF7DBF300F047C7 /* AppDelegate.swift in Sources */ = {isa = PBXBuildFile; fileRef = 4396D83D1DF7DBF300F047C7 /* AppDelegate.swift */; };
		4396D8431DF7DBF300F047C7 /* Main.storyboard in Resources */ = {isa = PBXBuildFile; fileRef = 4396D8411DF7DBF300F047C7 /* Main.storyboard */; };
		4396D8451DF7DBF300F047C7 /* Assets.xcassets in Resources */ = {isa = PBXBuildFile; fileRef = 4396D8441DF7DBF300F047C7 /* Assets.xcassets */; };
		4396D8481DF7DBF300F047C7 /* LaunchScreen.storyboard in Resources */ = {isa = PBXBuildFile; fileRef = 4396D8461DF7DBF300F047C7 /* LaunchScreen.storyboard */; };
		439A61361DFA2D30000EE09E /* RecommendViewController.swift in Sources */ = {isa = PBXBuildFile; fileRef = 439A61351DFA2D30000EE09E /* RecommendViewController.swift */; };
		43A0F94D1E00FEE10015FBC0 /* BaseViewModel.swift in Sources */ = {isa = PBXBuildFile; fileRef = 43A0F94C1E00FEE10015FBC0 /* BaseViewModel.swift */; };
		43B76D751DFFF253009BBE95 /* GameViewModel.swift in Sources */ = {isa = PBXBuildFile; fileRef = 43B76D741DFFF253009BBE95 /* GameViewModel.swift */; };
		43B76D771DFFF51D009BBE95 /* GameModel.swift in Sources */ = {isa = PBXBuildFile; fileRef = 43B76D761DFFF51D009BBE95 /* GameModel.swift */; };
		43B76D791DFFF77E009BBE95 /* BaseGameModel.swift in Sources */ = {isa = PBXBuildFile; fileRef = 43B76D781DFFF77E009BBE95 /* BaseGameModel.swift */; };
		43C359A21DFA494700195A0A /* PageTitleView.swift in Sources */ = {isa = PBXBuildFile; fileRef = 43C359A11DFA494700195A0A /* PageTitleView.swift */; };
		43C359A61DFA49A400195A0A /* CollectionNormalCell.swift in Sources */ = {isa = PBXBuildFile; fileRef = 43C359A41DFA49A400195A0A /* CollectionNormalCell.swift */; };
		43C359A71DFA49A400195A0A /* CollectionNormalCell.xib in Resources */ = {isa = PBXBuildFile; fileRef = 43C359A51DFA49A400195A0A /* CollectionNormalCell.xib */; };
		43C359AC1DFA54E500195A0A /* CollectionPrettyCell.swift in Sources */ = {isa = PBXBuildFile; fileRef = 43C359AA1DFA54E500195A0A /* CollectionPrettyCell.swift */; };
		43C359AD1DFA54E500195A0A /* CollectionPrettyCell.xib in Resources */ = {isa = PBXBuildFile; fileRef = 43C359AB1DFA54E500195A0A /* CollectionPrettyCell.xib */; };
		43D5D7B21E013B7B00576A57 /* BaseAnchorViewController.swift in Sources */ = {isa = PBXBuildFile; fileRef = 43D5D7B11E013B7B00576A57 /* BaseAnchorViewController.swift */; };
		43D687DC1DFA40EC006C7307 /* CollectionHeaderView.swift in Sources */ = {isa = PBXBuildFile; fileRef = 43D687DA1DFA40EC006C7307 /* CollectionHeaderView.swift */; };
		43D687DD1DFA40EC006C7307 /* CollectionHeaderView.xib in Resources */ = {isa = PBXBuildFile; fileRef = 43D687DB1DFA40EC006C7307 /* CollectionHeaderView.xib */; };
		43E326371DFBB84B002E1070 /* NetworkTools.swift in Sources */ = {isa = PBXBuildFile; fileRef = 43E326361DFBB84B002E1070 /* NetworkTools.swift */; };
		43E3263A1DFBCF79002E1070 /* RecommendViewModel.swift in Sources */ = {isa = PBXBuildFile; fileRef = 43E326391DFBCF79002E1070 /* RecommendViewModel.swift */; };
		43E3263C1DFBD52C002E1070 /* NSDate-Extension.swift in Sources */ = {isa = PBXBuildFile; fileRef = 43E3263B1DFBD52C002E1070 /* NSDate-Extension.swift */; };
		43E3263E1DFC0F7F002E1070 /* AnchorGroup.swift in Sources */ = {isa = PBXBuildFile; fileRef = 43E3263D1DFC0F7F002E1070 /* AnchorGroup.swift */; };
		43E326401DFC17F1002E1070 /* AnchorModel.swift in Sources */ = {isa = PBXBuildFile; fileRef = 43E3263F1DFC17F1002E1070 /* AnchorModel.swift */; };
		43F1981F1DFE700100AC9B88 /* CollectionBaseCell.swift in Sources */ = {isa = PBXBuildFile; fileRef = 43F1981E1DFE700100AC9B88 /* CollectionBaseCell.swift */; };
		43F198211DFE81CE00AC9B88 /* RecommendCycleView.swift in Sources */ = {isa = PBXBuildFile; fileRef = 43F198201DFE81CE00AC9B88 /* RecommendCycleView.swift */; };
		43F198231DFE820F00AC9B88 /* RecommendCycleView.xib in Resources */ = {isa = PBXBuildFile; fileRef = 43F198221DFE820F00AC9B88 /* RecommendCycleView.xib */; };
		43F8E3201DFEA99300D2C784 /* CycleModel.swift in Sources */ = {isa = PBXBuildFile; fileRef = 43F8E31F1DFEA99300D2C784 /* CycleModel.swift */; };
		A956EBD0E477F6357D36B62F /* Pods_DYZB.framework in Frameworks */ = {isa = PBXBuildFile; fileRef = 715E961E436553193CC861FC /* Pods_DYZB.framework */; };
/* End PBXBuildFile section */

/* Begin PBXFileReference section */
		430911EE1DFFB6C500FC0E35 /* RecommendGameView.swift */ = {isa = PBXFileReference; fileEncoding = 4; lastKnownFileType = sourcecode.swift; path = RecommendGameView.swift; sourceTree = "<group>"; };
		430911F01DFFB6F300FC0E35 /* RecommendGameView.xib */ = {isa = PBXFileReference; fileEncoding = 4; lastKnownFileType = file.xib; path = RecommendGameView.xib; sourceTree = "<group>"; };
		430F8F6B1DFF788F00E8C28E /* CollectionCycleCell.swift */ = {isa = PBXFileReference; fileEncoding = 4; lastKnownFileType = sourcecode.swift; path = CollectionCycleCell.swift; sourceTree = "<group>"; };
		430F8F6C1DFF788F00E8C28E /* CollectionCycleCell.xib */ = {isa = PBXFileReference; fileEncoding = 4; lastKnownFileType = file.xib; path = CollectionCycleCell.xib; sourceTree = "<group>"; };
		431112251E0223BF0099C803 /* AmuseMenuView.swift */ = {isa = PBXFileReference; fileEncoding = 4; lastKnownFileType = sourcecode.swift; path = AmuseMenuView.swift; sourceTree = "<group>"; };
		431112271E0224050099C803 /* AmuseMenuView.xib */ = {isa = PBXFileReference; fileEncoding = 4; lastKnownFileType = file.xib; path = AmuseMenuView.xib; sourceTree = "<group>"; };
		432E145B1DF90DF000716277 /* PageContentView.swift */ = {isa = PBXFileReference; fileEncoding = 4; lastKnownFileType = sourcecode.swift; path = PageContentView.swift; sourceTree = "<group>"; };
		432E145D1DF911FC00716277 /* UIColor-Extension.swift */ = {isa = PBXFileReference; fileEncoding = 4; lastKnownFileType = sourcecode.swift; path = "UIColor-Extension.swift"; sourceTree = "<group>"; };
		4336FF8C1DF8DA020019D43B /* MainViewController.swift */ = {isa = PBXFileReference; fileEncoding = 4; lastKnownFileType = sourcecode.swift; path = MainViewController.swift; sourceTree = "<group>"; };
		4336FF901DF8DB190019D43B /* HomeViewController.swift */ = {isa = PBXFileReference; fileEncoding = 4; lastKnownFileType = sourcecode.swift; path = HomeViewController.swift; sourceTree = "<group>"; };
		4336FF931DF8E9A30019D43B /* UIBarButtonitem-Extension.swift */ = {isa = PBXFileReference; fileEncoding = 4; lastKnownFileType = sourcecode.swift; path = "UIBarButtonitem-Extension.swift"; sourceTree = "<group>"; };
		4336FF971DF8F8780019D43B /* Common.swift */ = {isa = PBXFileReference; fileEncoding = 4; lastKnownFileType = sourcecode.swift; path = Common.swift; sourceTree = "<group>"; };
		434B24A01E00E47C000D1C28 /* AmuseViewController.swift */ = {isa = PBXFileReference; fileEncoding = 4; lastKnownFileType = sourcecode.swift; path = AmuseViewController.swift; sourceTree = "<group>"; };
		434B24A21E00E9E4000D1C28 /* AmuseViewModel.swift */ = {isa = PBXFileReference; fileEncoding = 4; lastKnownFileType = sourcecode.swift; path = AmuseViewModel.swift; sourceTree = "<group>"; };
		4356C0C41DF7FE78009BDBA0 /* Base */ = {isa = PBXFileReference; lastKnownFileType = file.storyboard; name = Base; path = DYZB/Base.lproj/Home.storyboard; sourceTree = SOURCE_ROOT; };
		4356C0C71DF7FF2A009BDBA0 /* Base */ = {isa = PBXFileReference; lastKnownFileType = file.storyboard; name = Base; path = DYZB/Base.lproj/Live.storyboard; sourceTree = SOURCE_ROOT; };
		4356C0CA1DF7FF77009BDBA0 /* Base */ = {isa = PBXFileReference; lastKnownFileType = file.storyboard; name = Base; path = DYZB/Base.lproj/Follow.storyboard; sourceTree = SOURCE_ROOT; };
		4356C0CD1DF7FFB5009BDBA0 /* Base */ = {isa = PBXFileReference; lastKnownFileType = file.storyboard; name = Base; path = DYZB/Base.lproj/Profile.storyboard; sourceTree = SOURCE_ROOT; };
		4373A2CF1E02319C004853E8 /* AmuseMenuViewCell.swift */ = {isa = PBXFileReference; fileEncoding = 4; lastKnownFileType = sourcecode.swift; path = AmuseMenuViewCell.swift; sourceTree = "<group>"; };
		4373A2D01E02319C004853E8 /* AmuseMenuViewCell.xib */ = {isa = PBXFileReference; fileEncoding = 4; lastKnownFileType = file.xib; path = AmuseMenuViewCell.xib; sourceTree = "<group>"; };
		4381FAEB1DFFCE250006640E /* CollectionGameCell.swift */ = {isa = PBXFileReference; fileEncoding = 4; lastKnownFileType = sourcecode.swift; path = CollectionGameCell.swift; sourceTree = "<group>"; };
		4381FAEC1DFFCE250006640E /* CollectionGameCell.xib */ = {isa = PBXFileReference; fileEncoding = 4; lastKnownFileType = file.xib; path = CollectionGameCell.xib; sourceTree = "<group>"; };
		4381FAEF1DFFE7270006640E /* GameViewController.swift */ = {isa = PBXFileReference; fileEncoding = 4; lastKnownFileType = sourcecode.swift; path = GameViewController.swift; sourceTree = "<group>"; };
		4396D83A1DF7DBF300F047C7 /* DYZB.app */ = {isa = PBXFileReference; explicitFileType = wrapper.application; includeInIndex = 0; path = DYZB.app; sourceTree = BUILT_PRODUCTS_DIR; };
		4396D83D1DF7DBF300F047C7 /* AppDelegate.swift */ = {isa = PBXFileReference; lastKnownFileType = sourcecode.swift; path = AppDelegate.swift; sourceTree = "<group>"; };
		4396D8421DF7DBF300F047C7 /* Base */ = {isa = PBXFileReference; lastKnownFileType = file.storyboard; name = Base; path = Base.lproj/Main.storyboard; sourceTree = "<group>"; };
		4396D8441DF7DBF300F047C7 /* Assets.xcassets */ = {isa = PBXFileReference; lastKnownFileType = folder.assetcatalog; path = Assets.xcassets; sourceTree = "<group>"; };
		4396D8471DF7DBF300F047C7 /* Base */ = {isa = PBXFileReference; lastKnownFileType = file.storyboard; name = Base; path = Base.lproj/LaunchScreen.storyboard; sourceTree = "<group>"; };
		4396D8491DF7DBF300F047C7 /* Info.plist */ = {isa = PBXFileReference; lastKnownFileType = text.plist.xml; path = Info.plist; sourceTree = "<group>"; };
		439A61351DFA2D30000EE09E /* RecommendViewController.swift */ = {isa = PBXFileReference; fileEncoding = 4; lastKnownFileType = sourcecode.swift; path = RecommendViewController.swift; sourceTree = "<group>"; };
		43A0F94C1E00FEE10015FBC0 /* BaseViewModel.swift */ = {isa = PBXFileReference; fileEncoding = 4; lastKnownFileType = sourcecode.swift; path = BaseViewModel.swift; sourceTree = "<group>"; };
		43B76D741DFFF253009BBE95 /* GameViewModel.swift */ = {isa = PBXFileReference; fileEncoding = 4; lastKnownFileType = sourcecode.swift; path = GameViewModel.swift; sourceTree = "<group>"; };
		43B76D761DFFF51D009BBE95 /* GameModel.swift */ = {isa = PBXFileReference; fileEncoding = 4; lastKnownFileType = sourcecode.swift; path = GameModel.swift; sourceTree = "<group>"; };
		43B76D781DFFF77E009BBE95 /* BaseGameModel.swift */ = {isa = PBXFileReference; fileEncoding = 4; lastKnownFileType = sourcecode.swift; path = BaseGameModel.swift; sourceTree = "<group>"; };
		43C359A11DFA494700195A0A /* PageTitleView.swift */ = {isa = PBXFileReference; fileEncoding = 4; lastKnownFileType = sourcecode.swift; path = PageTitleView.swift; sourceTree = "<group>"; };
		43C359A41DFA49A400195A0A /* CollectionNormalCell.swift */ = {isa = PBXFileReference; fileEncoding = 4; lastKnownFileType = sourcecode.swift; path = CollectionNormalCell.swift; sourceTree = "<group>"; };
		43C359A51DFA49A400195A0A /* CollectionNormalCell.xib */ = {isa = PBXFileReference; fileEncoding = 4; lastKnownFileType = file.xib; path = CollectionNormalCell.xib; sourceTree = "<group>"; };
		43C359AA1DFA54E500195A0A /* CollectionPrettyCell.swift */ = {isa = PBXFileReference; fileEncoding = 4; lastKnownFileType = sourcecode.swift; path = CollectionPrettyCell.swift; sourceTree = "<group>"; };
		43C359AB1DFA54E500195A0A /* CollectionPrettyCell.xib */ = {isa = PBXFileReference; fileEncoding = 4; lastKnownFileType = file.xib; path = CollectionPrettyCell.xib; sourceTree = "<group>"; };
		43D5D7B11E013B7B00576A57 /* BaseAnchorViewController.swift */ = {isa = PBXFileReference; fileEncoding = 4; lastKnownFileType = sourcecode.swift; path = BaseAnchorViewController.swift; sourceTree = "<group>"; };
		43D687DA1DFA40EC006C7307 /* CollectionHeaderView.swift */ = {isa = PBXFileReference; fileEncoding = 4; lastKnownFileType = sourcecode.swift; path = CollectionHeaderView.swift; sourceTree = "<group>"; };
		43D687DB1DFA40EC006C7307 /* CollectionHeaderView.xib */ = {isa = PBXFileReference; fileEncoding = 4; lastKnownFileType = file.xib; path = CollectionHeaderView.xib; sourceTree = "<group>"; };
		43E326361DFBB84B002E1070 /* NetworkTools.swift */ = {isa = PBXFileReference; fileEncoding = 4; lastKnownFileType = sourcecode.swift; path = NetworkTools.swift; sourceTree = "<group>"; };
		43E326391DFBCF79002E1070 /* RecommendViewModel.swift */ = {isa = PBXFileReference; fileEncoding = 4; lastKnownFileType = sourcecode.swift; path = RecommendViewModel.swift; sourceTree = "<group>"; };
		43E3263B1DFBD52C002E1070 /* NSDate-Extension.swift */ = {isa = PBXFileReference; fileEncoding = 4; lastKnownFileType = sourcecode.swift; path = "NSDate-Extension.swift"; sourceTree = "<group>"; };
		43E3263D1DFC0F7F002E1070 /* AnchorGroup.swift */ = {isa = PBXFileReference; fileEncoding = 4; lastKnownFileType = sourcecode.swift; path = AnchorGroup.swift; sourceTree = "<group>"; };
		43E3263F1DFC17F1002E1070 /* AnchorModel.swift */ = {isa = PBXFileReference; fileEncoding = 4; lastKnownFileType = sourcecode.swift; path = AnchorModel.swift; sourceTree = "<group>"; };
		43F1981E1DFE700100AC9B88 /* CollectionBaseCell.swift */ = {isa = PBXFileReference; fileEncoding = 4; lastKnownFileType = sourcecode.swift; path = CollectionBaseCell.swift; sourceTree = "<group>"; };
		43F198201DFE81CE00AC9B88 /* RecommendCycleView.swift */ = {isa = PBXFileReference; fileEncoding = 4; lastKnownFileType = sourcecode.swift; path = RecommendCycleView.swift; sourceTree = "<group>"; };
		43F198221DFE820F00AC9B88 /* RecommendCycleView.xib */ = {isa = PBXFileReference; fileEncoding = 4; lastKnownFileType = file.xib; path = RecommendCycleView.xib; sourceTree = "<group>"; };
		43F8E31F1DFEA99300D2C784 /* CycleModel.swift */ = {isa = PBXFileReference; fileEncoding = 4; lastKnownFileType = sourcecode.swift; path = CycleModel.swift; sourceTree = "<group>"; };
		715E961E436553193CC861FC /* Pods_DYZB.framework */ = {isa = PBXFileReference; explicitFileType = wrapper.framework; includeInIndex = 0; path = Pods_DYZB.framework; sourceTree = BUILT_PRODUCTS_DIR; };
		C791315864C7BF526FA03C58 /* Pods-DYZB.release.xcconfig */ = {isa = PBXFileReference; includeInIndex = 1; lastKnownFileType = text.xcconfig; name = "Pods-DYZB.release.xcconfig"; path = "Pods/Target Support Files/Pods-DYZB/Pods-DYZB.release.xcconfig"; sourceTree = "<group>"; };
		D491B948C5ED358D95984D28 /* Pods-DYZB.debug.xcconfig */ = {isa = PBXFileReference; includeInIndex = 1; lastKnownFileType = text.xcconfig; name = "Pods-DYZB.debug.xcconfig"; path = "Pods/Target Support Files/Pods-DYZB/Pods-DYZB.debug.xcconfig"; sourceTree = "<group>"; };
/* End PBXFileReference section */

/* Begin PBXFrameworksBuildPhase section */
		4396D8371DF7DBF300F047C7 /* Frameworks */ = {
			isa = PBXFrameworksBuildPhase;
			buildActionMask = 2147483647;
			files = (
				A956EBD0E477F6357D36B62F /* Pods_DYZB.framework in Frameworks */,
			);
			runOnlyForDeploymentPostprocessing = 0;
		};
/* End PBXFrameworksBuildPhase section */

/* Begin PBXGroup section */
		430F8F681DFF755200E8C28E /* Cell */ = {
			isa = PBXGroup;
			children = (
				430F8F6B1DFF788F00E8C28E /* CollectionCycleCell.swift */,
				430F8F6C1DFF788F00E8C28E /* CollectionCycleCell.xib */,
				4381FAEB1DFFCE250006640E /* CollectionGameCell.swift */,
				4381FAEC1DFFCE250006640E /* CollectionGameCell.xib */,
				4373A2CF1E02319C004853E8 /* AmuseMenuViewCell.swift */,
				4373A2D01E02319C004853E8 /* AmuseMenuViewCell.xib */,
			);
			path = Cell;
			sourceTree = "<group>";
		};
		4336FF881DF8D9620019D43B /* Controller */ = {
			isa = PBXGroup;
			children = (
				4356C0C31DF7FE78009BDBA0 /* Home.storyboard */,
				4336FF901DF8DB190019D43B /* HomeViewController.swift */,
				439A61351DFA2D30000EE09E /* RecommendViewController.swift */,
				4381FAEF1DFFE7270006640E /* GameViewController.swift */,
				434B24A01E00E47C000D1C28 /* AmuseViewController.swift */,
			);
			path = Controller;
			sourceTree = "<group>";
		};
		4336FF891DF8D9620019D43B /* Model */ = {
			isa = PBXGroup;
			children = (
				43F8E31F1DFEA99300D2C784 /* CycleModel.swift */,
				43B76D761DFFF51D009BBE95 /* GameModel.swift */,
			);
			path = Model;
			sourceTree = "<group>";
		};
		4336FF8A1DF8D9620019D43B /* View */ = {
			isa = PBXGroup;
			children = (
				43D687DA1DFA40EC006C7307 /* CollectionHeaderView.swift */,
				43D687DB1DFA40EC006C7307 /* CollectionHeaderView.xib */,
				43F198201DFE81CE00AC9B88 /* RecommendCycleView.swift */,
				43F198221DFE820F00AC9B88 /* RecommendCycleView.xib */,
				430911EE1DFFB6C500FC0E35 /* RecommendGameView.swift */,
				430911F01DFFB6F300FC0E35 /* RecommendGameView.xib */,
				431112251E0223BF0099C803 /* AmuseMenuView.swift */,
				431112271E0224050099C803 /* AmuseMenuView.xib */,
				430F8F681DFF755200E8C28E /* Cell */,
			);
			path = View;
			sourceTree = "<group>";
		};
		4336FF8B1DF8DA020019D43B /* Controller */ = {
			isa = PBXGroup;
			children = (
				4396D8411DF7DBF300F047C7 /* Main.storyboard */,
				4336FF8C1DF8DA020019D43B /* MainViewController.swift */,
				43D5D7B11E013B7B00576A57 /* BaseAnchorViewController.swift */,
			);
			path = Controller;
			sourceTree = "<group>";
		};
		4336FF8D1DF8DA020019D43B /* Model */ = {
			isa = PBXGroup;
			children = (
				43E3263D1DFC0F7F002E1070 /* AnchorGroup.swift */,
				43E3263F1DFC17F1002E1070 /* AnchorModel.swift */,
				43B76D781DFFF77E009BBE95 /* BaseGameModel.swift */,
			);
			path = Model;
			sourceTree = "<group>";
		};
		4336FF8E1DF8DA020019D43B /* View */ = {
			isa = PBXGroup;
			children = (
				43C359A11DFA494700195A0A /* PageTitleView.swift */,
				432E145B1DF90DF000716277 /* PageContentView.swift */,
				43C359A31DFA496C00195A0A /* Cell */,
			);
			path = View;
			sourceTree = "<group>";
		};
		4336FF921DF8E9320019D43B /* Extension */ = {
			isa = PBXGroup;
			children = (
				4336FF931DF8E9A30019D43B /* UIBarButtonitem-Extension.swift */,
				432E145D1DF911FC00716277 /* UIColor-Extension.swift */,
				43E3263B1DFBD52C002E1070 /* NSDate-Extension.swift */,
			);
			path = Extension;
			sourceTree = "<group>";
		};
		4396D8311DF7DBF300F047C7 = {
			isa = PBXGroup;
			children = (
				4396D83C1DF7DBF300F047C7 /* DYZB */,
				4396D83B1DF7DBF300F047C7 /* Products */,
				F8C9C0C4F96468C4C29389D2 /* Pods */,
				EE71DF3A213D5B875BB5D08B /* Frameworks */,
			);
			sourceTree = "<group>";
		};
		4396D83B1DF7DBF300F047C7 /* Products */ = {
			isa = PBXGroup;
			children = (
				4396D83A1DF7DBF300F047C7 /* DYZB.app */,
			);
			name = Products;
			sourceTree = "<group>";
		};
		4396D83C1DF7DBF300F047C7 /* DYZB */ = {
			isa = PBXGroup;
			children = (
				43EDA2231DF7F247004844E8 /* Classes */,
				4396D83D1DF7DBF300F047C7 /* AppDelegate.swift */,
				4396D8441DF7DBF300F047C7 /* Assets.xcassets */,
				4396D8461DF7DBF300F047C7 /* LaunchScreen.storyboard */,
				4396D8491DF7DBF300F047C7 /* Info.plist */,
			);
			path = DYZB;
			sourceTree = "<group>";
		};
		43A0F94B1E00FE970015FBC0 /* ViewModel */ = {
			isa = PBXGroup;
			children = (
				43A0F94C1E00FEE10015FBC0 /* BaseViewModel.swift */,
			);
			path = ViewModel;
			sourceTree = "<group>";
		};
		43C359A31DFA496C00195A0A /* Cell */ = {
			isa = PBXGroup;
			children = (
				43C359A41DFA49A400195A0A /* CollectionNormalCell.swift */,
				43C359A51DFA49A400195A0A /* CollectionNormalCell.xib */,
				43C359AA1DFA54E500195A0A /* CollectionPrettyCell.swift */,
				43C359AB1DFA54E500195A0A /* CollectionPrettyCell.xib */,
				43F1981E1DFE700100AC9B88 /* CollectionBaseCell.swift */,
			);
			path = Cell;
			sourceTree = "<group>";
		};
		43E326381DFBCF34002E1070 /* ViewModel */ = {
			isa = PBXGroup;
			children = (
				43E326391DFBCF79002E1070 /* RecommendViewModel.swift */,
				43B76D741DFFF253009BBE95 /* GameViewModel.swift */,
				434B24A21E00E9E4000D1C28 /* AmuseViewModel.swift */,
			);
			path = ViewModel;
			sourceTree = "<group>";
		};
		43EDA2231DF7F247004844E8 /* Classes */ = {
			isa = PBXGroup;
			children = (
				43EDA2271DF7F247004844E8 /* Main */,
				43EDA2251DF7F247004844E8 /* Home */,
				43EDA2261DF7F247004844E8 /* Live */,
				43EDA2241DF7F247004844E8 /* Follow */,
				43EDA2281DF7F247004844E8 /* Profile */,
				43EDA2291DF7F247004844E8 /* Tools */,
			);
			path = Classes;
			sourceTree = "<group>";
		};
		43EDA2241DF7F247004844E8 /* Follow */ = {
			isa = PBXGroup;
			children = (
				4356C0C91DF7FF77009BDBA0 /* Follow.storyboard */,
			);
			path = Follow;
			sourceTree = "<group>";
		};
		43EDA2251DF7F247004844E8 /* Home */ = {
			isa = PBXGroup;
			children = (
				43E326381DFBCF34002E1070 /* ViewModel */,
				4336FF891DF8D9620019D43B /* Model */,
				4336FF8A1DF8D9620019D43B /* View */,
				4336FF881DF8D9620019D43B /* Controller */,
			);
			path = Home;
			sourceTree = "<group>";
		};
		43EDA2261DF7F247004844E8 /* Live */ = {
			isa = PBXGroup;
			children = (
				4356C0C61DF7FF2A009BDBA0 /* Live.storyboard */,
			);
			path = Live;
			sourceTree = "<group>";
		};
		43EDA2271DF7F247004844E8 /* Main */ = {
			isa = PBXGroup;
			children = (
				43A0F94B1E00FE970015FBC0 /* ViewModel */,
				4336FF8D1DF8DA020019D43B /* Model */,
				4336FF8E1DF8DA020019D43B /* View */,
				4336FF8B1DF8DA020019D43B /* Controller */,
			);
			path = Main;
			sourceTree = "<group>";
		};
		43EDA2281DF7F247004844E8 /* Profile */ = {
			isa = PBXGroup;
			children = (
				4356C0CC1DF7FFB5009BDBA0 /* Profile.storyboard */,
			);
			path = Profile;
			sourceTree = "<group>";
		};
		43EDA2291DF7F247004844E8 /* Tools */ = {
			isa = PBXGroup;
			children = (
				4336FF921DF8E9320019D43B /* Extension */,
				4336FF971DF8F8780019D43B /* Common.swift */,
				43E326361DFBB84B002E1070 /* NetworkTools.swift */,
			);
			path = Tools;
			sourceTree = "<group>";
		};
		EE71DF3A213D5B875BB5D08B /* Frameworks */ = {
			isa = PBXGroup;
			children = (
				715E961E436553193CC861FC /* Pods_DYZB.framework */,
			);
			name = Frameworks;
			sourceTree = "<group>";
		};
		F8C9C0C4F96468C4C29389D2 /* Pods */ = {
			isa = PBXGroup;
			children = (
				D491B948C5ED358D95984D28 /* Pods-DYZB.debug.xcconfig */,
				C791315864C7BF526FA03C58 /* Pods-DYZB.release.xcconfig */,
			);
			name = Pods;
			sourceTree = "<group>";
		};
/* End PBXGroup section */

/* Begin PBXNativeTarget section */
		4396D8391DF7DBF300F047C7 /* DYZB */ = {
			isa = PBXNativeTarget;
			buildConfigurationList = 4396D84C1DF7DBF300F047C7 /* Build configuration list for PBXNativeTarget "DYZB" */;
			buildPhases = (
				6E73D8A46632A70647DDE828 /* [CP] Check Pods Manifest.lock */,
				4396D8361DF7DBF300F047C7 /* Sources */,
				4396D8371DF7DBF300F047C7 /* Frameworks */,
				4396D8381DF7DBF300F047C7 /* Resources */,
				F4366409532D2A7D6666D514 /* [CP] Embed Pods Frameworks */,
				CC1CC3618A0AF3E39A6829B5 /* [CP] Copy Pods Resources */,
			);
			buildRules = (
			);
			dependencies = (
			);
			name = DYZB;
			productName = DYZB;
			productReference = 4396D83A1DF7DBF300F047C7 /* DYZB.app */;
			productType = "com.apple.product-type.application";
		};
/* End PBXNativeTarget section */

/* Begin PBXProject section */
		4396D8321DF7DBF300F047C7 /* Project object */ = {
			isa = PBXProject;
			attributes = {
				LastSwiftUpdateCheck = 0810;
				LastUpgradeCheck = 0810;
				ORGANIZATIONNAME = Tommaso;
				TargetAttributes = {
					4396D8391DF7DBF300F047C7 = {
						CreatedOnToolsVersion = 8.1;
						ProvisioningStyle = Manual;
					};
				};
			};
			buildConfigurationList = 4396D8351DF7DBF300F047C7 /* Build configuration list for PBXProject "DYZB" */;
			compatibilityVersion = "Xcode 3.2";
			developmentRegion = English;
			hasScannedForEncodings = 0;
			knownRegions = (
				en,
				Base,
			);
			mainGroup = 4396D8311DF7DBF300F047C7;
			productRefGroup = 4396D83B1DF7DBF300F047C7 /* Products */;
			projectDirPath = "";
			projectRoot = "";
			targets = (
				4396D8391DF7DBF300F047C7 /* DYZB */,
			);
		};
/* End PBXProject section */

/* Begin PBXResourcesBuildPhase section */
		4396D8381DF7DBF300F047C7 /* Resources */ = {
			isa = PBXResourcesBuildPhase;
			buildActionMask = 2147483647;
			files = (
				4396D8481DF7DBF300F047C7 /* LaunchScreen.storyboard in Resources */,
				4373A2D21E02319C004853E8 /* AmuseMenuViewCell.xib in Resources */,
				43D687DD1DFA40EC006C7307 /* CollectionHeaderView.xib in Resources */,
				43C359A71DFA49A400195A0A /* CollectionNormalCell.xib in Resources */,
				4396D8451DF7DBF300F047C7 /* Assets.xcassets in Resources */,
				4396D8431DF7DBF300F047C7 /* Main.storyboard in Resources */,
				4356C0C81DF7FF2A009BDBA0 /* Live.storyboard in Resources */,
				4356C0C51DF7FE78009BDBA0 /* Home.storyboard in Resources */,
				4381FAEE1DFFCE250006640E /* CollectionGameCell.xib in Resources */,
				431112281E0224050099C803 /* AmuseMenuView.xib in Resources */,
				43F198231DFE820F00AC9B88 /* RecommendCycleView.xib in Resources */,
				430F8F6E1DFF788F00E8C28E /* CollectionCycleCell.xib in Resources */,
				43C359AD1DFA54E500195A0A /* CollectionPrettyCell.xib in Resources */,
				4356C0CE1DF7FFB5009BDBA0 /* Profile.storyboard in Resources */,
				430911F11DFFB6F300FC0E35 /* RecommendGameView.xib in Resources */,
				4356C0CB1DF7FF77009BDBA0 /* Follow.storyboard in Resources */,
			);
			runOnlyForDeploymentPostprocessing = 0;
		};
/* End PBXResourcesBuildPhase section */

/* Begin PBXShellScriptBuildPhase section */
		6E73D8A46632A70647DDE828 /* [CP] Check Pods Manifest.lock */ = {
			isa = PBXShellScriptBuildPhase;
			buildActionMask = 2147483647;
			files = (
			);
			inputPaths = (
			);
			name = "[CP] Check Pods Manifest.lock";
			outputPaths = (
			);
			runOnlyForDeploymentPostprocessing = 0;
			shellPath = /bin/sh;
			shellScript = "diff \"${PODS_ROOT}/../Podfile.lock\" \"${PODS_ROOT}/Manifest.lock\" > /dev/null\nif [ $? != 0 ] ; then\n    # print error to STDERR\n    echo \"error: The sandbox is not in sync with the Podfile.lock. Run 'pod install' or update your CocoaPods installation.\" >&2\n    exit 1\nfi\n";
			showEnvVarsInLog = 0;
		};
		CC1CC3618A0AF3E39A6829B5 /* [CP] Copy Pods Resources */ = {
			isa = PBXShellScriptBuildPhase;
			buildActionMask = 2147483647;
			files = (
			);
			inputPaths = (
			);
			name = "[CP] Copy Pods Resources";
			outputPaths = (
			);
			runOnlyForDeploymentPostprocessing = 0;
			shellPath = /bin/sh;
			shellScript = "\"${SRCROOT}/Pods/Target Support Files/Pods-DYZB/Pods-DYZB-resources.sh\"\n";
			showEnvVarsInLog = 0;
		};
		F4366409532D2A7D6666D514 /* [CP] Embed Pods Frameworks */ = {
			isa = PBXShellScriptBuildPhase;
			buildActionMask = 2147483647;
			files = (
			);
			inputPaths = (
			);
			name = "[CP] Embed Pods Frameworks";
			outputPaths = (
			);
			runOnlyForDeploymentPostprocessing = 0;
			shellPath = /bin/sh;
			shellScript = "\"${SRCROOT}/Pods/Target Support Files/Pods-DYZB/Pods-DYZB-frameworks.sh\"\n";
			showEnvVarsInLog = 0;
		};
/* End PBXShellScriptBuildPhase section */

/* Begin PBXSourcesBuildPhase section */
		4396D8361DF7DBF300F047C7 /* Sources */ = {
			isa = PBXSourcesBuildPhase;
			buildActionMask = 2147483647;
			files = (
				43F198211DFE81CE00AC9B88 /* RecommendCycleView.swift in Sources */,
				4396D83E1DF7DBF300F047C7 /* AppDelegate.swift in Sources */,
				434B24A31E00E9E4000D1C28 /* AmuseViewModel.swift in Sources */,
				43C359A21DFA494700195A0A /* PageTitleView.swift in Sources */,
				43B76D751DFFF253009BBE95 /* GameViewModel.swift in Sources */,
				43D687DC1DFA40EC006C7307 /* CollectionHeaderView.swift in Sources */,
				43D5D7B21E013B7B00576A57 /* BaseAnchorViewController.swift in Sources */,
				4381FAF01DFFE7270006640E /* GameViewController.swift in Sources */,
				432E145E1DF911FC00716277 /* UIColor-Extension.swift in Sources */,
				43E3263E1DFC0F7F002E1070 /* AnchorGroup.swift in Sources */,
				4373A2D11E02319C004853E8 /* AmuseMenuViewCell.swift in Sources */,
				439A61361DFA2D30000EE09E /* RecommendViewController.swift in Sources */,
				4336FF8F1DF8DA020019D43B /* MainViewController.swift in Sources */,
				43A0F94D1E00FEE10015FBC0 /* BaseViewModel.swift in Sources */,
				430F8F6D1DFF788F00E8C28E /* CollectionCycleCell.swift in Sources */,
				43B76D771DFFF51D009BBE95 /* GameModel.swift in Sources */,
				43B76D791DFFF77E009BBE95 /* BaseGameModel.swift in Sources */,
				43F8E3201DFEA99300D2C784 /* CycleModel.swift in Sources */,
				434B24A11E00E47C000D1C28 /* AmuseViewController.swift in Sources */,
				432E145C1DF90DF000716277 /* PageContentView.swift in Sources */,
				4336FF941DF8E9A30019D43B /* UIBarButtonitem-Extension.swift in Sources */,
				4336FF981DF8F8780019D43B /* Common.swift in Sources */,
				430911EF1DFFB6C500FC0E35 /* RecommendGameView.swift in Sources */,
				43C359AC1DFA54E500195A0A /* CollectionPrettyCell.swift in Sources */,
				43E3263C1DFBD52C002E1070 /* NSDate-Extension.swift in Sources */,
				43F1981F1DFE700100AC9B88 /* CollectionBaseCell.swift in Sources */,
				431112261E0223BF0099C803 /* AmuseMenuView.swift in Sources */,
				43C359A61DFA49A400195A0A /* CollectionNormalCell.swift in Sources */,
				4381FAED1DFFCE250006640E /* CollectionGameCell.swift in Sources */,
				43E326371DFBB84B002E1070 /* NetworkTools.swift in Sources */,
				4336FF911DF8DB190019D43B /* HomeViewController.swift in Sources */,
				43E3263A1DFBCF79002E1070 /* RecommendViewModel.swift in Sources */,
				43E326401DFC17F1002E1070 /* AnchorModel.swift in Sources */,
			);
			runOnlyForDeploymentPostprocessing = 0;
		};
/* End PBXSourcesBuildPhase section */

/* Begin PBXVariantGroup section */
		4356C0C31DF7FE78009BDBA0 /* Home.storyboard */ = {
			isa = PBXVariantGroup;
			children = (
				4356C0C41DF7FE78009BDBA0 /* Base */,
			);
			name = Home.storyboard;
			path = ../../Main;
			sourceTree = "<group>";
		};
		4356C0C61DF7FF2A009BDBA0 /* Live.storyboard */ = {
			isa = PBXVariantGroup;
			children = (
				4356C0C71DF7FF2A009BDBA0 /* Base */,
			);
			name = Live.storyboard;
			path = ../Main;
			sourceTree = "<group>";
		};
		4356C0C91DF7FF77009BDBA0 /* Follow.storyboard */ = {
			isa = PBXVariantGroup;
			children = (
				4356C0CA1DF7FF77009BDBA0 /* Base */,
			);
			name = Follow.storyboard;
			path = ../Main;
			sourceTree = "<group>";
		};
		4356C0CC1DF7FFB5009BDBA0 /* Profile.storyboard */ = {
			isa = PBXVariantGroup;
			children = (
				4356C0CD1DF7FFB5009BDBA0 /* Base */,
			);
			name = Profile.storyboard;
			path = ../Main;
			sourceTree = "<group>";
		};
		4396D8411DF7DBF300F047C7 /* Main.storyboard */ = {
			isa = PBXVariantGroup;
			children = (
				4396D8421DF7DBF300F047C7 /* Base */,
			);
			name = Main.storyboard;
			path = ../../..;
			sourceTree = "<group>";
		};
		4396D8461DF7DBF300F047C7 /* LaunchScreen.storyboard */ = {
			isa = PBXVariantGroup;
			children = (
				4396D8471DF7DBF300F047C7 /* Base */,
			);
			name = LaunchScreen.storyboard;
			sourceTree = "<group>";
		};
/* End PBXVariantGroup section */

/* Begin XCBuildConfiguration section */
		4396D84A1DF7DBF300F047C7 /* Debug */ = {
			isa = XCBuildConfiguration;
			buildSettings = {
				ALWAYS_SEARCH_USER_PATHS = NO;
				CLANG_ANALYZER_NONNULL = YES;
				CLANG_CXX_LANGUAGE_STANDARD = "gnu++0x";
				CLANG_CXX_LIBRARY = "libc++";
				CLANG_ENABLE_MODULES = YES;
				CLANG_ENABLE_OBJC_ARC = YES;
				CLANG_WARN_BOOL_CONVERSION = YES;
				CLANG_WARN_CONSTANT_CONVERSION = YES;
				CLANG_WARN_DIRECT_OBJC_ISA_USAGE = YES_ERROR;
				CLANG_WARN_DOCUMENTATION_COMMENTS = YES;
				CLANG_WARN_EMPTY_BODY = YES;
				CLANG_WARN_ENUM_CONVERSION = YES;
				CLANG_WARN_INFINITE_RECURSION = YES;
				CLANG_WARN_INT_CONVERSION = YES;
				CLANG_WARN_OBJC_ROOT_CLASS = YES_ERROR;
				CLANG_WARN_SUSPICIOUS_MOVES = YES;
				CLANG_WARN_UNREACHABLE_CODE = YES;
				CLANG_WARN__DUPLICATE_METHOD_MATCH = YES;
				"CODE_SIGN_IDENTITY[sdk=iphoneos*]" = "iPhone Developer";
				COPY_PHASE_STRIP = NO;
				DEBUG_INFORMATION_FORMAT = dwarf;
				ENABLE_STRICT_OBJC_MSGSEND = YES;
				ENABLE_TESTABILITY = YES;
				GCC_C_LANGUAGE_STANDARD = gnu99;
				GCC_DYNAMIC_NO_PIC = NO;
				GCC_NO_COMMON_BLOCKS = YES;
				GCC_OPTIMIZATION_LEVEL = 0;
				GCC_PREPROCESSOR_DEFINITIONS = (
					"DEBUG=1",
					"$(inherited)",
				);
				GCC_WARN_64_TO_32_BIT_CONVERSION = YES;
				GCC_WARN_ABOUT_RETURN_TYPE = YES_ERROR;
				GCC_WARN_UNDECLARED_SELECTOR = YES;
				GCC_WARN_UNINITIALIZED_AUTOS = YES_AGGRESSIVE;
				GCC_WARN_UNUSED_FUNCTION = YES;
				GCC_WARN_UNUSED_VARIABLE = YES;
				IPHONEOS_DEPLOYMENT_TARGET = 10.1;
				MTL_ENABLE_DEBUG_INFO = YES;
				ONLY_ACTIVE_ARCH = YES;
				SDKROOT = iphoneos;
				SWIFT_ACTIVE_COMPILATION_CONDITIONS = DEBUG;
				SWIFT_OPTIMIZATION_LEVEL = "-Onone";
				TARGETED_DEVICE_FAMILY = "1,2";
			};
			name = Debug;
		};
		4396D84B1DF7DBF300F047C7 /* Release */ = {
			isa = XCBuildConfiguration;
			buildSettings = {
				ALWAYS_SEARCH_USER_PATHS = NO;
				CLANG_ANALYZER_NONNULL = YES;
				CLANG_CXX_LANGUAGE_STANDARD = "gnu++0x";
				CLANG_CXX_LIBRARY = "libc++";
				CLANG_ENABLE_MODULES = YES;
				CLANG_ENABLE_OBJC_ARC = YES;
				CLANG_WARN_BOOL_CONVERSION = YES;
				CLANG_WARN_CONSTANT_CONVERSION = YES;
				CLANG_WARN_DIRECT_OBJC_ISA_USAGE = YES_ERROR;
				CLANG_WARN_DOCUMENTATION_COMMENTS = YES;
				CLANG_WARN_EMPTY_BODY = YES;
				CLANG_WARN_ENUM_CONVERSION = YES;
				CLANG_WARN_INFINITE_RECURSION = YES;
				CLANG_WARN_INT_CONVERSION = YES;
				CLANG_WARN_OBJC_ROOT_CLASS = YES_ERROR;
				CLANG_WARN_SUSPICIOUS_MOVES = YES;
				CLANG_WARN_UNREACHABLE_CODE = YES;
				CLANG_WARN__DUPLICATE_METHOD_MATCH = YES;
				"CODE_SIGN_IDENTITY[sdk=iphoneos*]" = "iPhone Developer";
				COPY_PHASE_STRIP = NO;
				DEBUG_INFORMATION_FORMAT = "dwarf-with-dsym";
				ENABLE_NS_ASSERTIONS = NO;
				ENABLE_STRICT_OBJC_MSGSEND = YES;
				GCC_C_LANGUAGE_STANDARD = gnu99;
				GCC_NO_COMMON_BLOCKS = YES;
				GCC_WARN_64_TO_32_BIT_CONVERSION = YES;
				GCC_WARN_ABOUT_RETURN_TYPE = YES_ERROR;
				GCC_WARN_UNDECLARED_SELECTOR = YES;
				GCC_WARN_UNINITIALIZED_AUTOS = YES_AGGRESSIVE;
				GCC_WARN_UNUSED_FUNCTION = YES;
				GCC_WARN_UNUSED_VARIABLE = YES;
				IPHONEOS_DEPLOYMENT_TARGET = 10.1;
				MTL_ENABLE_DEBUG_INFO = NO;
				SDKROOT = iphoneos;
				SWIFT_OPTIMIZATION_LEVEL = "-Owholemodule";
				TARGETED_DEVICE_FAMILY = "1,2";
				VALIDATE_PRODUCT = YES;
			};
			name = Release;
		};
		4396D84D1DF7DBF300F047C7 /* Debug */ = {
			isa = XCBuildConfiguration;
			baseConfigurationReference = D491B948C5ED358D95984D28 /* Pods-DYZB.debug.xcconfig */;
			buildSettings = {
				ASSETCATALOG_COMPILER_APPICON_NAME = AppIcon;
				ASSETCATALOG_COMPILER_LAUNCHIMAGE_NAME = LaunchImage;
				DEVELOPMENT_TEAM = "";
				INFOPLIST_FILE = DYZB/Info.plist;
				IPHONEOS_DEPLOYMENT_TARGET = 9.0;
				LD_RUNPATH_SEARCH_PATHS = "$(inherited) @executable_path/Frameworks";
				PRODUCT_BUNDLE_IDENTIFIER = "com.wj.---.DYZB";
				PRODUCT_NAME = "$(TARGET_NAME)";
				SWIFT_VERSION = 3.0;
			};
			name = Debug;
		};
		4396D84E1DF7DBF300F047C7 /* Release */ = {
			isa = XCBuildConfiguration;
			baseConfigurationReference = C791315864C7BF526FA03C58 /* Pods-DYZB.release.xcconfig */;
			buildSettings = {
				ASSETCATALOG_COMPILER_APPICON_NAME = AppIcon;
				ASSETCATALOG_COMPILER_LAUNCHIMAGE_NAME = LaunchImage;
				DEVELOPMENT_TEAM = "";
				INFOPLIST_FILE = DYZB/Info.plist;
				IPHONEOS_DEPLOYMENT_TARGET = 9.0;
				LD_RUNPATH_SEARCH_PATHS = "$(inherited) @executable_path/Frameworks";
				PRODUCT_BUNDLE_IDENTIFIER = "com.wj.---.DYZB";
				PRODUCT_NAME = "$(TARGET_NAME)";
				SWIFT_VERSION = 3.0;
			};
			name = Release;
		};
/* End XCBuildConfiguration section */

/* Begin XCConfigurationList section */
		4396D8351DF7DBF300F047C7 /* Build configuration list for PBXProject "DYZB" */ = {
			isa = XCConfigurationList;
			buildConfigurations = (
				4396D84A1DF7DBF300F047C7 /* Debug */,
				4396D84B1DF7DBF300F047C7 /* Release */,
			);
			defaultConfigurationIsVisible = 0;
			defaultConfigurationName = Release;
		};
		4396D84C1DF7DBF300F047C7 /* Build configuration list for PBXNativeTarget "DYZB" */ = {
			isa = XCConfigurationList;
			buildConfigurations = (
				4396D84D1DF7DBF300F047C7 /* Debug */,
				4396D84E1DF7DBF300F047C7 /* Release */,
			);
			defaultConfigurationIsVisible = 0;
			defaultConfigurationName = Release;
		};
/* End XCConfigurationList section */
	};
	rootObject = 4396D8321DF7DBF300F047C7 /* Project object */;
}
